PODS:
  - FBSnapshotTestCase (2.1.4):
    - FBSnapshotTestCase/SwiftSupport (= 2.1.4)
  - FBSnapshotTestCase/Core (2.1.4)
  - FBSnapshotTestCase/SwiftSupport (2.1.4):
    - FBSnapshotTestCase/Core
  - NBLImageCropper (0.1.0)

DEPENDENCIES:
  - FBSnapshotTestCase
  - NBLImageCropper (from `../`)

SPEC REPOS:
  https://github.com/cocoapods/specs.git:
    - FBSnapshotTestCase

EXTERNAL SOURCES:
  NBLImageCropper:
    :path: "../"

SPEC CHECKSUMS:
  FBSnapshotTestCase: 094f9f314decbabe373b87cc339bea235a63e07a
  NBLImageCropper: dc7a1e6ad2dc6a5d6834ac21dbde005f326161a5

PODFILE CHECKSUM: b5e7adf235812a9cb0114c77cffdc3924046896d

COCOAPODS: 1.5.3
